// !$*UTF8*$!
{
	archiveVersion = 1;
	classes = {
	};
	objectVersion = 46;
	objects = {

/* Begin PBXBuildFile section */
		1B24A00B1F4ABFFC00ADB134 /* AppDelegate.swift in Sources */ = {isa = PBXBuildFile; fileRef = 1B24A00A1F4ABFFC00ADB134 /* AppDelegate.swift */; };
		1B24A0101F4ABFFC00ADB134 /* Main.storyboard in Resources */ = {isa = PBXBuildFile; fileRef = 1B24A00E1F4ABFFC00ADB134 /* Main.storyboard */; };
		1B24A0121F4ABFFC00ADB134 /* Assets.xcassets in Resources */ = {isa = PBXBuildFile; fileRef = 1B24A0111F4ABFFC00ADB134 /* Assets.xcassets */; };
		1B24A0151F4ABFFC00ADB134 /* LaunchScreen.storyboard in Resources */ = {isa = PBXBuildFile; fileRef = 1B24A0131F4ABFFC00ADB134 /* LaunchScreen.storyboard */; };
		1B24A0201F4ABFFC00ADB134 /* TulioTests.swift in Sources */ = {isa = PBXBuildFile; fileRef = 1B24A01F1F4ABFFC00ADB134 /* TulioTests.swift */; };
		1B24A02F1F4AC7B300ADB134 /* SearchViewController.swift in Sources */ = {isa = PBXBuildFile; fileRef = 1B24A02E1F4AC7B300ADB134 /* SearchViewController.swift */; };
		1B24A0321F4ACBA200ADB134 /* SharedFormatters.swift in Sources */ = {isa = PBXBuildFile; fileRef = 1B24A0311F4ACBA200ADB134 /* SharedFormatters.swift */; };
		1B24A0371F4ACEDD00ADB134 /* CustomDateTimePicker.swift in Sources */ = {isa = PBXBuildFile; fileRef = 1B24A0361F4ACEDD00ADB134 /* CustomDateTimePicker.swift */; };
		1B68F8F61F4C17E4008B628C /* SearchViewController+SearchForm.swift in Sources */ = {isa = PBXBuildFile; fileRef = 1B68F8F51F4C17E4008B628C /* SearchViewController+SearchForm.swift */; };
		1B68F8F91F4C195A008B628C /* ResultsViewController+Table.swift in Sources */ = {isa = PBXBuildFile; fileRef = 1B68F8F81F4C195A008B628C /* ResultsViewController+Table.swift */; };
		1B68F8FC1F4CA720008B628C /* HotwireAPIManager.swift in Sources */ = {isa = PBXBuildFile; fileRef = 1B68F8FB1F4CA720008B628C /* HotwireAPIManager.swift */; };
		1B68F8FE1F4CA7CD008B628C /* CarResult.swift in Sources */ = {isa = PBXBuildFile; fileRef = 1B68F8FD1F4CA7CD008B628C /* CarResult.swift */; };
		1B68F9001F4CA861008B628C /* SearchParams.swift in Sources */ = {isa = PBXBuildFile; fileRef = 1B68F8FF1F4CA861008B628C /* SearchParams.swift */; };
		1B68F9031F4CA94E008B628C /* CarResultsInteractor.swift in Sources */ = {isa = PBXBuildFile; fileRef = 1B68F9021F4CA94E008B628C /* CarResultsInteractor.swift */; };
		1B68F9051F4CA9BB008B628C /* HotwireAPIManagerURLSessionImpl.swift in Sources */ = {isa = PBXBuildFile; fileRef = 1B68F9041F4CA9BB008B628C /* HotwireAPIManagerURLSessionImpl.swift */; };
		1B68F9071F4CCACB008B628C /* CarResultCell.swift in Sources */ = {isa = PBXBuildFile; fileRef = 1B68F9061F4CCACB008B628C /* CarResultCell.swift */; };
		1BE341501F4B816E00DA303C /* Settings.swift in Sources */ = {isa = PBXBuildFile; fileRef = 1BE3414F1F4B816E00DA303C /* Settings.swift */; };
		1BE341521F4B848400DA303C /* ResultsViewController.swift in Sources */ = {isa = PBXBuildFile; fileRef = 1BE341511F4B848400DA303C /* ResultsViewController.swift */; };
		69CF54DB294C2F8BA7856B9F /* Pods_TulioTests.framework in Frameworks */ = {isa = PBXBuildFile; fileRef = C57C8FF04F79E9D7AFD87DE5 /* Pods_TulioTests.framework */; };
		E2D1F01D751A4CA2F3C0828E /* Pods_Tulio.framework in Frameworks */ = {isa = PBXBuildFile; fileRef = 5A3EC5AC136381077135E77B /* Pods_Tulio.framework */; };
/* End PBXBuildFile section */

/* Begin PBXContainerItemProxy section */
		1B24A01C1F4ABFFC00ADB134 /* PBXContainerItemProxy */ = {
			isa = PBXContainerItemProxy;
			containerPortal = 1B249FFF1F4ABFFC00ADB134 /* Project object */;
			proxyType = 1;
			remoteGlobalIDString = 1B24A0061F4ABFFC00ADB134;
			remoteInfo = Tulio;
		};
/* End PBXContainerItemProxy section */

/* Begin PBXFileReference section */
		039ACD40BC08185F05F30C2A /* Pods-TulioTests.release.xcconfig */ = {isa = PBXFileReference; includeInIndex = 1; lastKnownFileType = text.xcconfig; name = "Pods-TulioTests.release.xcconfig"; path = "Pods/Target Support Files/Pods-TulioTests/Pods-TulioTests.release.xcconfig"; sourceTree = "<group>"; };
		1B24A0071F4ABFFC00ADB134 /* Tulio.app */ = {isa = PBXFileReference; explicitFileType = wrapper.application; includeInIndex = 0; path = Tulio.app; sourceTree = BUILT_PRODUCTS_DIR; };
		1B24A00A1F4ABFFC00ADB134 /* AppDelegate.swift */ = {isa = PBXFileReference; lastKnownFileType = sourcecode.swift; path = AppDelegate.swift; sourceTree = "<group>"; };
		1B24A00F1F4ABFFC00ADB134 /* Base */ = {isa = PBXFileReference; lastKnownFileType = file.storyboard; name = Base; path = Base.lproj/Main.storyboard; sourceTree = "<group>"; };
		1B24A0111F4ABFFC00ADB134 /* Assets.xcassets */ = {isa = PBXFileReference; lastKnownFileType = folder.assetcatalog; path = Assets.xcassets; sourceTree = "<group>"; };
		1B24A0141F4ABFFC00ADB134 /* Base */ = {isa = PBXFileReference; lastKnownFileType = file.storyboard; name = Base; path = Base.lproj/LaunchScreen.storyboard; sourceTree = "<group>"; };
		1B24A0161F4ABFFC00ADB134 /* Info.plist */ = {isa = PBXFileReference; lastKnownFileType = text.plist.xml; path = Info.plist; sourceTree = "<group>"; };
		1B24A01B1F4ABFFC00ADB134 /* TulioTests.xctest */ = {isa = PBXFileReference; explicitFileType = wrapper.cfbundle; includeInIndex = 0; path = TulioTests.xctest; sourceTree = BUILT_PRODUCTS_DIR; };
		1B24A01F1F4ABFFC00ADB134 /* TulioTests.swift */ = {isa = PBXFileReference; lastKnownFileType = sourcecode.swift; path = TulioTests.swift; sourceTree = "<group>"; };
		1B24A0211F4ABFFC00ADB134 /* Info.plist */ = {isa = PBXFileReference; lastKnownFileType = text.plist.xml; path = Info.plist; sourceTree = "<group>"; };
		1B24A02E1F4AC7B300ADB134 /* SearchViewController.swift */ = {isa = PBXFileReference; fileEncoding = 4; lastKnownFileType = sourcecode.swift; path = SearchViewController.swift; sourceTree = "<group>"; };
		1B24A0311F4ACBA200ADB134 /* SharedFormatters.swift */ = {isa = PBXFileReference; fileEncoding = 4; lastKnownFileType = sourcecode.swift; path = SharedFormatters.swift; sourceTree = "<group>"; };
		1B24A0361F4ACEDD00ADB134 /* CustomDateTimePicker.swift */ = {isa = PBXFileReference; fileEncoding = 4; lastKnownFileType = sourcecode.swift; path = CustomDateTimePicker.swift; sourceTree = "<group>"; };
		1B68F8F51F4C17E4008B628C /* SearchViewController+SearchForm.swift */ = {isa = PBXFileReference; fileEncoding = 4; lastKnownFileType = sourcecode.swift; path = "SearchViewController+SearchForm.swift"; sourceTree = "<group>"; };
		1B68F8F81F4C195A008B628C /* ResultsViewController+Table.swift */ = {isa = PBXFileReference; fileEncoding = 4; lastKnownFileType = sourcecode.swift; path = "ResultsViewController+Table.swift"; sourceTree = "<group>"; };
		1B68F8FB1F4CA720008B628C /* HotwireAPIManager.swift */ = {isa = PBXFileReference; fileEncoding = 4; lastKnownFileType = sourcecode.swift; path = HotwireAPIManager.swift; sourceTree = "<group>"; };
		1B68F8FD1F4CA7CD008B628C /* CarResult.swift */ = {isa = PBXFileReference; fileEncoding = 4; lastKnownFileType = sourcecode.swift; path = CarResult.swift; sourceTree = "<group>"; };
		1B68F8FF1F4CA861008B628C /* SearchParams.swift */ = {isa = PBXFileReference; fileEncoding = 4; lastKnownFileType = sourcecode.swift; path = SearchParams.swift; sourceTree = "<group>"; };
		1B68F9021F4CA94E008B628C /* CarResultsInteractor.swift */ = {isa = PBXFileReference; fileEncoding = 4; lastKnownFileType = sourcecode.swift; path = CarResultsInteractor.swift; sourceTree = "<group>"; };
		1B68F9041F4CA9BB008B628C /* HotwireAPIManagerURLSessionImpl.swift */ = {isa = PBXFileReference; fileEncoding = 4; lastKnownFileType = sourcecode.swift; path = HotwireAPIManagerURLSessionImpl.swift; sourceTree = "<group>"; };
		1B68F9061F4CCACB008B628C /* CarResultCell.swift */ = {isa = PBXFileReference; fileEncoding = 4; lastKnownFileType = sourcecode.swift; path = CarResultCell.swift; sourceTree = "<group>"; };
		1BE3414F1F4B816E00DA303C /* Settings.swift */ = {isa = PBXFileReference; fileEncoding = 4; lastKnownFileType = sourcecode.swift; path = Settings.swift; sourceTree = "<group>"; };
		1BE341511F4B848400DA303C /* ResultsViewController.swift */ = {isa = PBXFileReference; fileEncoding = 4; lastKnownFileType = sourcecode.swift; path = ResultsViewController.swift; sourceTree = "<group>"; };
		36F8DE6ED81ED74DEB303F42 /* Pods-Tulio.release.xcconfig */ = {isa = PBXFileReference; includeInIndex = 1; lastKnownFileType = text.xcconfig; name = "Pods-Tulio.release.xcconfig"; path = "Pods/Target Support Files/Pods-Tulio/Pods-Tulio.release.xcconfig"; sourceTree = "<group>"; };
		5A3EC5AC136381077135E77B /* Pods_Tulio.framework */ = {isa = PBXFileReference; explicitFileType = wrapper.framework; includeInIndex = 0; path = Pods_Tulio.framework; sourceTree = BUILT_PRODUCTS_DIR; };
		7D3CDA3A157654A689673B78 /* Pods-TulioTests.debug.xcconfig */ = {isa = PBXFileReference; includeInIndex = 1; lastKnownFileType = text.xcconfig; name = "Pods-TulioTests.debug.xcconfig"; path = "Pods/Target Support Files/Pods-TulioTests/Pods-TulioTests.debug.xcconfig"; sourceTree = "<group>"; };
		C57C8FF04F79E9D7AFD87DE5 /* Pods_TulioTests.framework */ = {isa = PBXFileReference; explicitFileType = wrapper.framework; includeInIndex = 0; path = Pods_TulioTests.framework; sourceTree = BUILT_PRODUCTS_DIR; };
		FE6B0B7C95EA0C3FC606D085 /* Pods-Tulio.debug.xcconfig */ = {isa = PBXFileReference; includeInIndex = 1; lastKnownFileType = text.xcconfig; name = "Pods-Tulio.debug.xcconfig"; path = "Pods/Target Support Files/Pods-Tulio/Pods-Tulio.debug.xcconfig"; sourceTree = "<group>"; };
/* End PBXFileReference section */

/* Begin PBXFrameworksBuildPhase section */
		1B24A0041F4ABFFC00ADB134 /* Frameworks */ = {
			isa = PBXFrameworksBuildPhase;
			buildActionMask = 2147483647;
			files = (
				E2D1F01D751A4CA2F3C0828E /* Pods_Tulio.framework in Frameworks */,
			);
			runOnlyForDeploymentPostprocessing = 0;
		};
		1B24A0181F4ABFFC00ADB134 /* Frameworks */ = {
			isa = PBXFrameworksBuildPhase;
			buildActionMask = 2147483647;
			files = (
				69CF54DB294C2F8BA7856B9F /* Pods_TulioTests.framework in Frameworks */,
			);
			runOnlyForDeploymentPostprocessing = 0;
		};
/* End PBXFrameworksBuildPhase section */

/* Begin PBXGroup section */
		1B249FFE1F4ABFFC00ADB134 = {
			isa = PBXGroup;
			children = (
				1B24A0091F4ABFFC00ADB134 /* Tulio */,
				1B24A01E1F4ABFFC00ADB134 /* TulioTests */,
				1B24A0081F4ABFFC00ADB134 /* Products */,
				663611C938F6A8F6BF0A3790 /* Pods */,
				E5DF0148F8A811C169C49D9C /* Frameworks */,
			);
			sourceTree = "<group>";
		};
		1B24A0081F4ABFFC00ADB134 /* Products */ = {
			isa = PBXGroup;
			children = (
				1B24A0071F4ABFFC00ADB134 /* Tulio.app */,
				1B24A01B1F4ABFFC00ADB134 /* TulioTests.xctest */,
			);
			name = Products;
			sourceTree = "<group>";
		};
		1B24A0091F4ABFFC00ADB134 /* Tulio */ = {
			isa = PBXGroup;
			children = (
				1B24A00A1F4ABFFC00ADB134 /* AppDelegate.swift */,
				1B24A0301F4ACB8D00ADB134 /* Common */,
				1B24A02D1F4AC5EC00ADB134 /* Models */,
				1B24A02A1F4AC54000ADB134 /* Controllers */,
				1B24A02B1F4AC55700ADB134 /* Views */,
				1B68F9011F4CA8FD008B628C /* Intercators */,
				1B24A02C1F4AC59B00ADB134 /* Managers */,
				1B24A0111F4ABFFC00ADB134 /* Assets.xcassets */,
				1B24A0161F4ABFFC00ADB134 /* Info.plist */,
			);
			path = Tulio;
			sourceTree = "<group>";
		};
		1B24A01E1F4ABFFC00ADB134 /* TulioTests */ = {
			isa = PBXGroup;
			children = (
				1B24A01F1F4ABFFC00ADB134 /* TulioTests.swift */,
				1B24A0211F4ABFFC00ADB134 /* Info.plist */,
			);
			path = TulioTests;
			sourceTree = "<group>";
		};
		1B24A02A1F4AC54000ADB134 /* Controllers */ = {
			isa = PBXGroup;
			children = (
				1B68F8F41F4C17C6008B628C /* SearchViewController */,
				1B68F8F71F4C1829008B628C /* ResultsViewController */,
			);
			name = Controllers;
			sourceTree = "<group>";
		};
		1B24A02B1F4AC55700ADB134 /* Views */ = {
			isa = PBXGroup;
			children = (
				1B24A0131F4ABFFC00ADB134 /* LaunchScreen.storyboard */,
				1B24A00E1F4ABFFC00ADB134 /* Main.storyboard */,
			);
			name = Views;
			sourceTree = "<group>";
		};
		1B24A02C1F4AC59B00ADB134 /* Managers */ = {
			isa = PBXGroup;
			children = (
				1B68F8FB1F4CA720008B628C /* HotwireAPIManager.swift */,
				1B68F9041F4CA9BB008B628C /* HotwireAPIManagerURLSessionImpl.swift */,
			);
			name = Managers;
			sourceTree = "<group>";
		};
		1B24A02D1F4AC5EC00ADB134 /* Models */ = {
			isa = PBXGroup;
			children = (
				1B68F8FF1F4CA861008B628C /* SearchParams.swift */,
				1B68F8FD1F4CA7CD008B628C /* CarResult.swift */,
			);
			name = Models;
			sourceTree = "<group>";
		};
		1B24A0301F4ACB8D00ADB134 /* Common */ = {
			isa = PBXGroup;
			children = (
				1BE3414F1F4B816E00DA303C /* Settings.swift */,
				1B24A0311F4ACBA200ADB134 /* SharedFormatters.swift */,
				1B24A0361F4ACEDD00ADB134 /* CustomDateTimePicker.swift */,
			);
			name = Common;
			sourceTree = "<group>";
		};
		1B68F8F41F4C17C6008B628C /* SearchViewController */ = {
			isa = PBXGroup;
			children = (
				1B24A02E1F4AC7B300ADB134 /* SearchViewController.swift */,
				1B68F8F51F4C17E4008B628C /* SearchViewController+SearchForm.swift */,
			);
			name = SearchViewController;
			sourceTree = "<group>";
		};
		1B68F8F71F4C1829008B628C /* ResultsViewController */ = {
			isa = PBXGroup;
			children = (
				1BE341511F4B848400DA303C /* ResultsViewController.swift */,
				1B68F8F81F4C195A008B628C /* ResultsViewController+Table.swift */,
				1B68F9061F4CCACB008B628C /* CarResultCell.swift */,
			);
			name = ResultsViewController;
			sourceTree = "<group>";
		};
		1B68F9011F4CA8FD008B628C /* Intercators */ = {
			isa = PBXGroup;
			children = (
				1B68F9021F4CA94E008B628C /* CarResultsInteractor.swift */,
			);
			name = Intercators;
			sourceTree = "<group>";
		};
		663611C938F6A8F6BF0A3790 /* Pods */ = {
			isa = PBXGroup;
			children = (
				FE6B0B7C95EA0C3FC606D085 /* Pods-Tulio.debug.xcconfig */,
				36F8DE6ED81ED74DEB303F42 /* Pods-Tulio.release.xcconfig */,
				7D3CDA3A157654A689673B78 /* Pods-TulioTests.debug.xcconfig */,
				039ACD40BC08185F05F30C2A /* Pods-TulioTests.release.xcconfig */,
			);
			name = Pods;
			sourceTree = "<group>";
		};
		E5DF0148F8A811C169C49D9C /* Frameworks */ = {
			isa = PBXGroup;
			children = (
				5A3EC5AC136381077135E77B /* Pods_Tulio.framework */,
				C57C8FF04F79E9D7AFD87DE5 /* Pods_TulioTests.framework */,
			);
			name = Frameworks;
			sourceTree = "<group>";
		};
/* End PBXGroup section */

/* Begin PBXNativeTarget section */
		1B24A0061F4ABFFC00ADB134 /* Tulio */ = {
			isa = PBXNativeTarget;
			buildConfigurationList = 1B24A0241F4ABFFC00ADB134 /* Build configuration list for PBXNativeTarget "Tulio" */;
			buildPhases = (
				4AA57495FB8129A24178603C /* [CP] Check Pods Manifest.lock */,
				1B24A0031F4ABFFC00ADB134 /* Sources */,
				1B24A0041F4ABFFC00ADB134 /* Frameworks */,
				1B24A0051F4ABFFC00ADB134 /* Resources */,
				4BD51AF96B94F1556CF68203 /* [CP] Embed Pods Frameworks */,
				C60CBA8BB6D55B747EBEC79A /* [CP] Copy Pods Resources */,
			);
			buildRules = (
			);
			dependencies = (
			);
			name = Tulio;
			productName = Tulio;
			productReference = 1B24A0071F4ABFFC00ADB134 /* Tulio.app */;
			productType = "com.apple.product-type.application";
		};
		1B24A01A1F4ABFFC00ADB134 /* TulioTests */ = {
			isa = PBXNativeTarget;
			buildConfigurationList = 1B24A0271F4ABFFC00ADB134 /* Build configuration list for PBXNativeTarget "TulioTests" */;
			buildPhases = (
				9FE97D0670019C88B9CF8FD1 /* [CP] Check Pods Manifest.lock */,
				1B24A0171F4ABFFC00ADB134 /* Sources */,
				1B24A0181F4ABFFC00ADB134 /* Frameworks */,
				1B24A0191F4ABFFC00ADB134 /* Resources */,
				F21B5AEFF81CE2D690259282 /* [CP] Embed Pods Frameworks */,
				37D5975E7ECDAAAD8B1D7125 /* [CP] Copy Pods Resources */,
			);
			buildRules = (
			);
			dependencies = (
				1B24A01D1F4ABFFC00ADB134 /* PBXTargetDependency */,
			);
			name = TulioTests;
			productName = TulioTests;
			productReference = 1B24A01B1F4ABFFC00ADB134 /* TulioTests.xctest */;
			productType = "com.apple.product-type.bundle.unit-test";
		};
/* End PBXNativeTarget section */

/* Begin PBXProject section */
		1B249FFF1F4ABFFC00ADB134 /* Project object */ = {
			isa = PBXProject;
			attributes = {
				LastSwiftUpdateCheck = 0830;
				LastUpgradeCheck = 0830;
				ORGANIZATIONNAME = "Julio Martinez";
				TargetAttributes = {
					1B24A0061F4ABFFC00ADB134 = {
						CreatedOnToolsVersion = 8.3.3;
						DevelopmentTeam = CMEAT892K2;
						ProvisioningStyle = Automatic;
					};
					1B24A01A1F4ABFFC00ADB134 = {
						CreatedOnToolsVersion = 8.3.3;
						DevelopmentTeam = CMEAT892K2;
						ProvisioningStyle = Automatic;
						TestTargetID = 1B24A0061F4ABFFC00ADB134;
					};
				};
			};
			buildConfigurationList = 1B24A0021F4ABFFC00ADB134 /* Build configuration list for PBXProject "Tulio" */;
			compatibilityVersion = "Xcode 3.2";
			developmentRegion = English;
			hasScannedForEncodings = 0;
			knownRegions = (
				en,
				Base,
			);
			mainGroup = 1B249FFE1F4ABFFC00ADB134;
			productRefGroup = 1B24A0081F4ABFFC00ADB134 /* Products */;
			projectDirPath = "";
			projectRoot = "";
			targets = (
				1B24A0061F4ABFFC00ADB134 /* Tulio */,
				1B24A01A1F4ABFFC00ADB134 /* TulioTests */,
			);
		};
/* End PBXProject section */

/* Begin PBXResourcesBuildPhase section */
		1B24A0051F4ABFFC00ADB134 /* Resources */ = {
			isa = PBXResourcesBuildPhase;
			buildActionMask = 2147483647;
			files = (
				1B24A0151F4ABFFC00ADB134 /* LaunchScreen.storyboard in Resources */,
				1B24A0121F4ABFFC00ADB134 /* Assets.xcassets in Resources */,
				1B24A0101F4ABFFC00ADB134 /* Main.storyboard in Resources */,
			);
			runOnlyForDeploymentPostprocessing = 0;
		};
		1B24A0191F4ABFFC00ADB134 /* Resources */ = {
			isa = PBXResourcesBuildPhase;
			buildActionMask = 2147483647;
			files = (
			);
			runOnlyForDeploymentPostprocessing = 0;
		};
/* End PBXResourcesBuildPhase section */

/* Begin PBXShellScriptBuildPhase section */
		37D5975E7ECDAAAD8B1D7125 /* [CP] Copy Pods Resources */ = {
			isa = PBXShellScriptBuildPhase;
			buildActionMask = 2147483647;
			files = (
			);
			inputPaths = (
			);
			name = "[CP] Copy Pods Resources";
			outputPaths = (
			);
			runOnlyForDeploymentPostprocessing = 0;
			shellPath = /bin/sh;
			shellScript = "\"${SRCROOT}/Pods/Target Support Files/Pods-TulioTests/Pods-TulioTests-resources.sh\"\n";
			showEnvVarsInLog = 0;
		};
		4AA57495FB8129A24178603C /* [CP] Check Pods Manifest.lock */ = {
			isa = PBXShellScriptBuildPhase;
			buildActionMask = 2147483647;
			files = (
			);
			inputPaths = (
			);
			name = "[CP] Check Pods Manifest.lock";
			outputPaths = (
			);
			runOnlyForDeploymentPostprocessing = 0;
			shellPath = /bin/sh;
			shellScript = "diff \"${PODS_PODFILE_DIR_PATH}/Podfile.lock\" \"${PODS_ROOT}/Manifest.lock\" > /dev/null\nif [ $? != 0 ] ; then\n    # print error to STDERR\n    echo \"error: The sandbox is not in sync with the Podfile.lock. Run 'pod install' or update your CocoaPods installation.\" >&2\n    exit 1\nfi\n";
			showEnvVarsInLog = 0;
		};
		4BD51AF96B94F1556CF68203 /* [CP] Embed Pods Frameworks */ = {
			isa = PBXShellScriptBuildPhase;
			buildActionMask = 2147483647;
			files = (
			);
			inputPaths = (
			);
			name = "[CP] Embed Pods Frameworks";
			outputPaths = (
			);
			runOnlyForDeploymentPostprocessing = 0;
			shellPath = /bin/sh;
			shellScript = "\"${SRCROOT}/Pods/Target Support Files/Pods-Tulio/Pods-Tulio-frameworks.sh\"\n";
			showEnvVarsInLog = 0;
		};
		9FE97D0670019C88B9CF8FD1 /* [CP] Check Pods Manifest.lock */ = {
			isa = PBXShellScriptBuildPhase;
			buildActionMask = 2147483647;
			files = (
			);
			inputPaths = (
			);
			name = "[CP] Check Pods Manifest.lock";
			outputPaths = (
			);
			runOnlyForDeploymentPostprocessing = 0;
			shellPath = /bin/sh;
			shellScript = "diff \"${PODS_PODFILE_DIR_PATH}/Podfile.lock\" \"${PODS_ROOT}/Manifest.lock\" > /dev/null\nif [ $? != 0 ] ; then\n    # print error to STDERR\n    echo \"error: The sandbox is not in sync with the Podfile.lock. Run 'pod install' or update your CocoaPods installation.\" >&2\n    exit 1\nfi\n";
			showEnvVarsInLog = 0;
		};
		C60CBA8BB6D55B747EBEC79A /* [CP] Copy Pods Resources */ = {
			isa = PBXShellScriptBuildPhase;
			buildActionMask = 2147483647;
			files = (
			);
			inputPaths = (
			);
			name = "[CP] Copy Pods Resources";
			outputPaths = (
			);
			runOnlyForDeploymentPostprocessing = 0;
			shellPath = /bin/sh;
			shellScript = "\"${SRCROOT}/Pods/Target Support Files/Pods-Tulio/Pods-Tulio-resources.sh\"\n";
			showEnvVarsInLog = 0;
		};
		F21B5AEFF81CE2D690259282 /* [CP] Embed Pods Frameworks */ = {
			isa = PBXShellScriptBuildPhase;
			buildActionMask = 2147483647;
			files = (
			);
			inputPaths = (
			);
			name = "[CP] Embed Pods Frameworks";
			outputPaths = (
			);
			runOnlyForDeploymentPostprocessing = 0;
			shellPath = /bin/sh;
			shellScript = "\"${SRCROOT}/Pods/Target Support Files/Pods-TulioTests/Pods-TulioTests-frameworks.sh\"\n";
			showEnvVarsInLog = 0;
		};
/* End PBXShellScriptBuildPhase section */

/* Begin PBXSourcesBuildPhase section */
		1B24A0031F4ABFFC00ADB134 /* Sources */ = {
			isa = PBXSourcesBuildPhase;
			buildActionMask = 2147483647;
			files = (
				1B68F9051F4CA9BB008B628C /* HotwireAPIManagerURLSessionImpl.swift in Sources */,
				1B68F9001F4CA861008B628C /* SearchParams.swift in Sources */,
				1B68F8F91F4C195A008B628C /* ResultsViewController+Table.swift in Sources */,
				1B24A0321F4ACBA200ADB134 /* SharedFormatters.swift in Sources */,
				1B24A00B1F4ABFFC00ADB134 /* AppDelegate.swift in Sources */,
				1B68F8FE1F4CA7CD008B628C /* CarResult.swift in Sources */,
				1B24A02F1F4AC7B300ADB134 /* SearchViewController.swift in Sources */,
				1B24A0371F4ACEDD00ADB134 /* CustomDateTimePicker.swift in Sources */,
				1B68F8F61F4C17E4008B628C /* SearchViewController+SearchForm.swift in Sources */,
				1B68F9031F4CA94E008B628C /* CarResultsInteractor.swift in Sources */,
				1BE341501F4B816E00DA303C /* Settings.swift in Sources */,
				1BE341521F4B848400DA303C /* ResultsViewController.swift in Sources */,
				1B68F8FC1F4CA720008B628C /* HotwireAPIManager.swift in Sources */,
				1B68F9071F4CCACB008B628C /* CarResultCell.swift in Sources */,
			);
			runOnlyForDeploymentPostprocessing = 0;
		};
		1B24A0171F4ABFFC00ADB134 /* Sources */ = {
			isa = PBXSourcesBuildPhase;
			buildActionMask = 2147483647;
			files = (
				1B24A0201F4ABFFC00ADB134 /* TulioTests.swift in Sources */,
			);
			runOnlyForDeploymentPostprocessing = 0;
		};
/* End PBXSourcesBuildPhase section */

/* Begin PBXTargetDependency section */
		1B24A01D1F4ABFFC00ADB134 /* PBXTargetDependency */ = {
			isa = PBXTargetDependency;
			target = 1B24A0061F4ABFFC00ADB134 /* Tulio */;
			targetProxy = 1B24A01C1F4ABFFC00ADB134 /* PBXContainerItemProxy */;
		};
/* End PBXTargetDependency section */

/* Begin PBXVariantGroup section */
		1B24A00E1F4ABFFC00ADB134 /* Main.storyboard */ = {
			isa = PBXVariantGroup;
			children = (
				1B24A00F1F4ABFFC00ADB134 /* Base */,
			);
			name = Main.storyboard;
			sourceTree = "<group>";
		};
		1B24A0131F4ABFFC00ADB134 /* LaunchScreen.storyboard */ = {
			isa = PBXVariantGroup;
			children = (
				1B24A0141F4ABFFC00ADB134 /* Base */,
			);
			name = LaunchScreen.storyboard;
			sourceTree = "<group>";
		};
/* End PBXVariantGroup section */

/* Begin XCBuildConfiguration section */
		1B24A0221F4ABFFC00ADB134 /* Debug */ = {
			isa = XCBuildConfiguration;
			buildSettings = {
				ALWAYS_SEARCH_USER_PATHS = NO;
				CLANG_ANALYZER_NONNULL = YES;
				CLANG_ANALYZER_NUMBER_OBJECT_CONVERSION = YES_AGGRESSIVE;
				CLANG_CXX_LANGUAGE_STANDARD = "gnu++0x";
				CLANG_CXX_LIBRARY = "libc++";
				CLANG_ENABLE_MODULES = YES;
				CLANG_ENABLE_OBJC_ARC = YES;
				CLANG_WARN_BOOL_CONVERSION = YES;
				CLANG_WARN_CONSTANT_CONVERSION = YES;
				CLANG_WARN_DIRECT_OBJC_ISA_USAGE = YES_ERROR;
				CLANG_WARN_DOCUMENTATION_COMMENTS = YES;
				CLANG_WARN_EMPTY_BODY = YES;
				CLANG_WARN_ENUM_CONVERSION = YES;
				CLANG_WARN_INFINITE_RECURSION = YES;
				CLANG_WARN_INT_CONVERSION = YES;
				CLANG_WARN_OBJC_ROOT_CLASS = YES_ERROR;
				CLANG_WARN_SUSPICIOUS_MOVE = YES;
				CLANG_WARN_UNREACHABLE_CODE = YES;
				CLANG_WARN__DUPLICATE_METHOD_MATCH = YES;
				"CODE_SIGN_IDENTITY[sdk=iphoneos*]" = "iPhone Developer";
				COPY_PHASE_STRIP = NO;
				DEBUG_INFORMATION_FORMAT = dwarf;
				ENABLE_STRICT_OBJC_MSGSEND = YES;
				ENABLE_TESTABILITY = YES;
				GCC_C_LANGUAGE_STANDARD = gnu99;
				GCC_DYNAMIC_NO_PIC = NO;
				GCC_NO_COMMON_BLOCKS = YES;
				GCC_OPTIMIZATION_LEVEL = 0;
				GCC_PREPROCESSOR_DEFINITIONS = (
					"DEBUG=1",
					"$(inherited)",
				);
				GCC_WARN_64_TO_32_BIT_CONVERSION = YES;
				GCC_WARN_ABOUT_RETURN_TYPE = YES_ERROR;
				GCC_WARN_UNDECLARED_SELECTOR = YES;
				GCC_WARN_UNINITIALIZED_AUTOS = YES_AGGRESSIVE;
				GCC_WARN_UNUSED_FUNCTION = YES;
				GCC_WARN_UNUSED_VARIABLE = YES;
				IPHONEOS_DEPLOYMENT_TARGET = 10.3;
				MTL_ENABLE_DEBUG_INFO = YES;
				ONLY_ACTIVE_ARCH = YES;
				SDKROOT = iphoneos;
				SWIFT_ACTIVE_COMPILATION_CONDITIONS = DEBUG;
				SWIFT_OPTIMIZATION_LEVEL = "-Onone";
			};
			name = Debug;
		};
		1B24A0231F4ABFFC00ADB134 /* Release */ = {
			isa = XCBuildConfiguration;
			buildSettings = {
				ALWAYS_SEARCH_USER_PATHS = NO;
				CLANG_ANALYZER_NONNULL = YES;
				CLANG_ANALYZER_NUMBER_OBJECT_CONVERSION = YES_AGGRESSIVE;
				CLANG_CXX_LANGUAGE_STANDARD = "gnu++0x";
				CLANG_CXX_LIBRARY = "libc++";
				CLANG_ENABLE_MODULES = YES;
				CLANG_ENABLE_OBJC_ARC = YES;
				CLANG_WARN_BOOL_CONVERSION = YES;
				CLANG_WARN_CONSTANT_CONVERSION = YES;
				CLANG_WARN_DIRECT_OBJC_ISA_USAGE = YES_ERROR;
				CLANG_WARN_DOCUMENTATION_COMMENTS = YES;
				CLANG_WARN_EMPTY_BODY = YES;
				CLANG_WARN_ENUM_CONVERSION = YES;
				CLANG_WARN_INFINITE_RECURSION = YES;
				CLANG_WARN_INT_CONVERSION = YES;
				CLANG_WARN_OBJC_ROOT_CLASS = YES_ERROR;
				CLANG_WARN_SUSPICIOUS_MOVE = YES;
				CLANG_WARN_UNREACHABLE_CODE = YES;
				CLANG_WARN__DUPLICATE_METHOD_MATCH = YES;
				"CODE_SIGN_IDENTITY[sdk=iphoneos*]" = "iPhone Developer";
				COPY_PHASE_STRIP = NO;
				DEBUG_INFORMATION_FORMAT = "dwarf-with-dsym";
				ENABLE_NS_ASSERTIONS = NO;
				ENABLE_STRICT_OBJC_MSGSEND = YES;
				GCC_C_LANGUAGE_STANDARD = gnu99;
				GCC_NO_COMMON_BLOCKS = YES;
				GCC_WARN_64_TO_32_BIT_CONVERSION = YES;
				GCC_WARN_ABOUT_RETURN_TYPE = YES_ERROR;
				GCC_WARN_UNDECLARED_SELECTOR = YES;
				GCC_WARN_UNINITIALIZED_AUTOS = YES_AGGRESSIVE;
				GCC_WARN_UNUSED_FUNCTION = YES;
				GCC_WARN_UNUSED_VARIABLE = YES;
				IPHONEOS_DEPLOYMENT_TARGET = 10.3;
				MTL_ENABLE_DEBUG_INFO = NO;
				SDKROOT = iphoneos;
				SWIFT_OPTIMIZATION_LEVEL = "-Owholemodule";
				VALIDATE_PRODUCT = YES;
			};
			name = Release;
		};
		1B24A0251F4ABFFC00ADB134 /* Debug */ = {
			isa = XCBuildConfiguration;
			baseConfigurationReference = FE6B0B7C95EA0C3FC606D085 /* Pods-Tulio.debug.xcconfig */;
			buildSettings = {
				ASSETCATALOG_COMPILER_APPICON_NAME = AppIcon;
				DEVELOPMENT_TEAM = CMEAT892K2;
				INFOPLIST_FILE = Tulio/Info.plist;
				LD_RUNPATH_SEARCH_PATHS = "$(inherited) @executable_path/Frameworks";
				PRODUCT_BUNDLE_IDENTIFIER = com.timplesoft.Tulio;
				PRODUCT_NAME = "$(TARGET_NAME)";
				SWIFT_VERSION = 3.0;
			};
			name = Debug;
		};
		1B24A0261F4ABFFC00ADB134 /* Release */ = {
			isa = XCBuildConfiguration;
			baseConfigurationReference = 36F8DE6ED81ED74DEB303F42 /* Pods-Tulio.release.xcconfig */;
			buildSettings = {
				ASSETCATALOG_COMPILER_APPICON_NAME = AppIcon;
				DEVELOPMENT_TEAM = CMEAT892K2;
				INFOPLIST_FILE = Tulio/Info.plist;
				LD_RUNPATH_SEARCH_PATHS = "$(inherited) @executable_path/Frameworks";
				PRODUCT_BUNDLE_IDENTIFIER = com.timplesoft.Tulio;
				PRODUCT_NAME = "$(TARGET_NAME)";
				SWIFT_VERSION = 3.0;
			};
			name = Release;
		};
		1B24A0281F4ABFFC00ADB134 /* Debug */ = {
			isa = XCBuildConfiguration;
			baseConfigurationReference = 7D3CDA3A157654A689673B78 /* Pods-TulioTests.debug.xcconfig */;
			buildSettings = {
				ALWAYS_EMBED_SWIFT_STANDARD_LIBRARIES = YES;
				BUNDLE_LOADER = "$(TEST_HOST)";
				DEVELOPMENT_TEAM = CMEAT892K2;
				INFOPLIST_FILE = TulioTests/Info.plist;
				LD_RUNPATH_SEARCH_PATHS = "$(inherited) @executable_path/Frameworks @loader_path/Frameworks";
				PRODUCT_BUNDLE_IDENTIFIER = com.timplesoft.TulioTests;
				PRODUCT_NAME = "$(TARGET_NAME)";
				SWIFT_VERSION = 3.0;
				TEST_HOST = "$(BUILT_PRODUCTS_DIR)/Tulio.app/Tulio";
			};
			name = Debug;
		};
		1B24A0291F4ABFFC00ADB134 /* Release */ = {
			isa = XCBuildConfiguration;
			baseConfigurationReference = 039ACD40BC08185F05F30C2A /* Pods-TulioTests.release.xcconfig */;
			buildSettings = {
				ALWAYS_EMBED_SWIFT_STANDARD_LIBRARIES = YES;
				BUNDLE_LOADER = "$(TEST_HOST)";
				DEVELOPMENT_TEAM = CMEAT892K2;
				INFOPLIST_FILE = TulioTests/Info.plist;
				LD_RUNPATH_SEARCH_PATHS = "$(inherited) @executable_path/Frameworks @loader_path/Frameworks";
				PRODUCT_BUNDLE_IDENTIFIER = com.timplesoft.TulioTests;
				PRODUCT_NAME = "$(TARGET_NAME)";
				SWIFT_VERSION = 3.0;
				TEST_HOST = "$(BUILT_PRODUCTS_DIR)/Tulio.app/Tulio";
			};
			name = Release;
		};
/* End XCBuildConfiguration section */

/* Begin XCConfigurationList section */
		1B24A0021F4ABFFC00ADB134 /* Build configuration list for PBXProject "Tulio" */ = {
			isa = XCConfigurationList;
			buildConfigurations = (
				1B24A0221F4ABFFC00ADB134 /* Debug */,
				1B24A0231F4ABFFC00ADB134 /* Release */,
			);
			defaultConfigurationIsVisible = 0;
			defaultConfigurationName = Release;
		};
		1B24A0241F4ABFFC00ADB134 /* Build configuration list for PBXNativeTarget "Tulio" */ = {
			isa = XCConfigurationList;
			buildConfigurations = (
				1B24A0251F4ABFFC00ADB134 /* Debug */,
				1B24A0261F4ABFFC00ADB134 /* Release */,
			);
			defaultConfigurationIsVisible = 0;
			defaultConfigurationName = Release;
		};
		1B24A0271F4ABFFC00ADB134 /* Build configuration list for PBXNativeTarget "TulioTests" */ = {
			isa = XCConfigurationList;
			buildConfigurations = (
				1B24A0281F4ABFFC00ADB134 /* Debug */,
				1B24A0291F4ABFFC00ADB134 /* Release */,
			);
			defaultConfigurationIsVisible = 0;
			defaultConfigurationName = Release;
		};
/* End XCConfigurationList section */
	};
	rootObject = 1B249FFF1F4ABFFC00ADB134 /* Project object */;
}
